// !$*UTF8*$!
{
	archiveVersion = 1;
	classes = {
	};
	objectVersion = 50;
	objects = {

/* Begin PBXBuildFile section */
		9A3CA7DF26F7080E000980B8 /* MyWorkout_SUNApp.swift in Sources */ = {isa = PBXBuildFile; fileRef = 9A3CA7DE26F7080E000980B8 /* MyWorkout_SUNApp.swift */; };
		9A3CA7E126F7080E000980B8 /* ContentView.swift in Sources */ = {isa = PBXBuildFile; fileRef = 9A3CA7E026F7080E000980B8 /* ContentView.swift */; };
		9A3CA7E326F7080E000980B8 /* Assets.xcassets in Resources */ = {isa = PBXBuildFile; fileRef = 9A3CA7E226F7080E000980B8 /* Assets.xcassets */; };
		9A3CA7E626F7080E000980B8 /* Preview Assets.xcassets in Resources */ = {isa = PBXBuildFile; fileRef = 9A3CA7E526F7080E000980B8 /* Preview Assets.xcassets */; };
		9A3CA7EE26F708E5000980B8 /* WelcomeView.swift in Sources */ = {isa = PBXBuildFile; fileRef = 9A3CA7ED26F708E5000980B8 /* WelcomeView.swift */; };
		9A3CA7F026F70907000980B8 /* ExerciseView.swift in Sources */ = {isa = PBXBuildFile; fileRef = 9A3CA7EF26F70907000980B8 /* ExerciseView.swift */; };
		9A3CA7F726F70DEE000980B8 /* step-up_s.mp4 in Resources */ = {isa = PBXBuildFile; fileRef = 9A3CA7F326F70DEE000980B8 /* step-up_s.mp4 */; };
		9A3CA7F926F70DEE000980B8 /* squat_s.mp4 in Resources */ = {isa = PBXBuildFile; fileRef = 9A3CA7F526F70DEE000980B8 /* squat_s.mp4 */; };
		9A3CA7FA26F70DEE000980B8 /* burpee_s.mp4 in Resources */ = {isa = PBXBuildFile; fileRef = 9A3CA7F626F70DEE000980B8 /* burpee_s.mp4 */; };
		9A3CA7FC26F70E56000980B8 /* RatingView.swift in Sources */ = {isa = PBXBuildFile; fileRef = 9A3CA7FB26F70E56000980B8 /* RatingView.swift */; };
		9A3CA7FE26F70F42000980B8 /* HistoryView.swift in Sources */ = {isa = PBXBuildFile; fileRef = 9A3CA7FD26F70F42000980B8 /* HistoryView.swift */; };
		9A3CA80026F71006000980B8 /* DateExtension.swift in Sources */ = {isa = PBXBuildFile; fileRef = 9A3CA7FF26F71006000980B8 /* DateExtension.swift */; };
		9A3CA80226F710D2000980B8 /* HeaderView.swift in Sources */ = {isa = PBXBuildFile; fileRef = 9A3CA80126F710D2000980B8 /* HeaderView.swift */; };
		9A3CA80426F71501000980B8 /* ImageExtension.swift in Sources */ = {isa = PBXBuildFile; fileRef = 9A3CA80326F71501000980B8 /* ImageExtension.swift */; };
		9A3CA80726F716C3000980B8 /* SuccessView.swift in Sources */ = {isa = PBXBuildFile; fileRef = 9A3CA80626F716C3000980B8 /* SuccessView.swift */; };
		9A3CA80926F71759000980B8 /* Exercise.swift in Sources */ = {isa = PBXBuildFile; fileRef = 9A3CA80826F71759000980B8 /* Exercise.swift */; };
		9A3CA80B26F71A2D000980B8 /* HistoryStore.swift in Sources */ = {isa = PBXBuildFile; fileRef = 9A3CA80A26F71A2D000980B8 /* HistoryStore.swift */; };
		9A3CA80E26F71AE4000980B8 /* HistoryStoreDevData.swift in Sources */ = {isa = PBXBuildFile; fileRef = 9A3CA80D26F71AE4000980B8 /* HistoryStoreDevData.swift */; };
		9A3CA85C26F7913E000980B8 /* TimerView.swift in Sources */ = {isa = PBXBuildFile; fileRef = 9A3CA85B26F7913E000980B8 /* TimerView.swift */; };
		9A3CA85F26F86BC8000980B8 /* Localizable.strings in Resources */ = {isa = PBXBuildFile; fileRef = 9A3CA86126F86BC8000980B8 /* Localizable.strings */; };
		9A3CA86726F8AD46000980B8 /* sun_sulate.mp4 in Resources */ = {isa = PBXBuildFile; fileRef = 9A3CA86326F8AD46000980B8 /* sun_sulate.mp4 */; };
		9A3CA86826F8AD46000980B8 /* mountain_climbers.mp4 in Resources */ = {isa = PBXBuildFile; fileRef = 9A3CA86426F8AD46000980B8 /* mountain_climbers.mp4 */; };
		9A3CA86926F8AD46000980B8 /* lunge.mp4 in Resources */ = {isa = PBXBuildFile; fileRef = 9A3CA86526F8AD46000980B8 /* lunge.mp4 */; };
		9A3CA86A26F8AD46000980B8 /* reverse_crunch.mp4 in Resources */ = {isa = PBXBuildFile; fileRef = 9A3CA86626F8AD46000980B8 /* reverse_crunch.mp4 */; };
/* End PBXBuildFile section */

/* Begin PBXFileReference section */
		9A3CA7DB26F7080E000980B8 /* MyWorkout_SUN.app */ = {isa = PBXFileReference; explicitFileType = wrapper.application; includeInIndex = 0; path = MyWorkout_SUN.app; sourceTree = BUILT_PRODUCTS_DIR; };
		9A3CA7DE26F7080E000980B8 /* MyWorkout_SUNApp.swift */ = {isa = PBXFileReference; lastKnownFileType = sourcecode.swift; path = MyWorkout_SUNApp.swift; sourceTree = "<group>"; };
		9A3CA7E026F7080E000980B8 /* ContentView.swift */ = {isa = PBXFileReference; lastKnownFileType = sourcecode.swift; path = ContentView.swift; sourceTree = "<group>"; };
		9A3CA7E226F7080E000980B8 /* Assets.xcassets */ = {isa = PBXFileReference; lastKnownFileType = folder.assetcatalog; path = Assets.xcassets; sourceTree = "<group>"; };
		9A3CA7E526F7080E000980B8 /* Preview Assets.xcassets */ = {isa = PBXFileReference; lastKnownFileType = folder.assetcatalog; path = "Preview Assets.xcassets"; sourceTree = "<group>"; };
		9A3CA7E726F7080E000980B8 /* Info.plist */ = {isa = PBXFileReference; lastKnownFileType = text.plist.xml; path = Info.plist; sourceTree = "<group>"; };
		9A3CA7ED26F708E5000980B8 /* WelcomeView.swift */ = {isa = PBXFileReference; lastKnownFileType = sourcecode.swift; path = WelcomeView.swift; sourceTree = "<group>"; };
		9A3CA7EF26F70907000980B8 /* ExerciseView.swift */ = {isa = PBXFileReference; lastKnownFileType = sourcecode.swift; path = ExerciseView.swift; sourceTree = "<group>"; };
		9A3CA7F326F70DEE000980B8 /* step-up_s.mp4 */ = {isa = PBXFileReference; lastKnownFileType = file; path = "step-up_s.mp4"; sourceTree = "<group>"; };
		9A3CA7F526F70DEE000980B8 /* squat_s.mp4 */ = {isa = PBXFileReference; lastKnownFileType = file; path = squat_s.mp4; sourceTree = "<group>"; };
		9A3CA7F626F70DEE000980B8 /* burpee_s.mp4 */ = {isa = PBXFileReference; lastKnownFileType = file; path = burpee_s.mp4; sourceTree = "<group>"; };
		9A3CA7FB26F70E56000980B8 /* RatingView.swift */ = {isa = PBXFileReference; lastKnownFileType = sourcecode.swift; path = RatingView.swift; sourceTree = "<group>"; };
		9A3CA7FD26F70F42000980B8 /* HistoryView.swift */ = {isa = PBXFileReference; lastKnownFileType = sourcecode.swift; path = HistoryView.swift; sourceTree = "<group>"; };
		9A3CA7FF26F71006000980B8 /* DateExtension.swift */ = {isa = PBXFileReference; lastKnownFileType = sourcecode.swift; path = DateExtension.swift; sourceTree = "<group>"; };
		9A3CA80126F710D2000980B8 /* HeaderView.swift */ = {isa = PBXFileReference; lastKnownFileType = sourcecode.swift; path = HeaderView.swift; sourceTree = "<group>"; };
		9A3CA80326F71501000980B8 /* ImageExtension.swift */ = {isa = PBXFileReference; lastKnownFileType = sourcecode.swift; path = ImageExtension.swift; sourceTree = "<group>"; };
		9A3CA80626F716C3000980B8 /* SuccessView.swift */ = {isa = PBXFileReference; lastKnownFileType = sourcecode.swift; path = SuccessView.swift; sourceTree = "<group>"; };
		9A3CA80826F71759000980B8 /* Exercise.swift */ = {isa = PBXFileReference; lastKnownFileType = sourcecode.swift; path = Exercise.swift; sourceTree = "<group>"; };
		9A3CA80A26F71A2D000980B8 /* HistoryStore.swift */ = {isa = PBXFileReference; lastKnownFileType = sourcecode.swift; path = HistoryStore.swift; sourceTree = "<group>"; };
		9A3CA80D26F71AE4000980B8 /* HistoryStoreDevData.swift */ = {isa = PBXFileReference; lastKnownFileType = sourcecode.swift; path = HistoryStoreDevData.swift; sourceTree = "<group>"; };
		9A3CA85B26F7913E000980B8 /* TimerView.swift */ = {isa = PBXFileReference; lastKnownFileType = sourcecode.swift; path = TimerView.swift; sourceTree = "<group>"; };
		9A3CA86026F86BC8000980B8 /* en */ = {isa = PBXFileReference; lastKnownFileType = text.plist.strings; name = en; path = en.lproj/Localizable.strings; sourceTree = "<group>"; };
		9A3CA86226F87A2C000980B8 /* th */ = {isa = PBXFileReference; lastKnownFileType = text.plist.strings; name = th; path = th.lproj/Localizable.strings; sourceTree = "<group>"; };
		9A3CA86326F8AD46000980B8 /* sun_sulate.mp4 */ = {isa = PBXFileReference; lastKnownFileType = file; path = sun_sulate.mp4; sourceTree = "<group>"; };
		9A3CA86426F8AD46000980B8 /* mountain_climbers.mp4 */ = {isa = PBXFileReference; lastKnownFileType = file; path = mountain_climbers.mp4; sourceTree = "<group>"; };
		9A3CA86526F8AD46000980B8 /* lunge.mp4 */ = {isa = PBXFileReference; lastKnownFileType = file; path = lunge.mp4; sourceTree = "<group>"; };
		9A3CA86626F8AD46000980B8 /* reverse_crunch.mp4 */ = {isa = PBXFileReference; lastKnownFileType = file; path = reverse_crunch.mp4; sourceTree = "<group>"; };
/* End PBXFileReference section */

/* Begin PBXFrameworksBuildPhase section */
		9A3CA7D826F7080E000980B8 /* Frameworks */ = {
			isa = PBXFrameworksBuildPhase;
			buildActionMask = 2147483647;
			files = (
			);
			runOnlyForDeploymentPostprocessing = 0;
		};
/* End PBXFrameworksBuildPhase section */

/* Begin PBXGroup section */
		9A3CA7D226F7080E000980B8 = {
			isa = PBXGroup;
			children = (
				9A3CA7DD26F7080E000980B8 /* MyWorkout_SUN */,
				9A3CA7DC26F7080E000980B8 /* Products */,
			);
			sourceTree = "<group>";
		};
		9A3CA7DC26F7080E000980B8 /* Products */ = {
			isa = PBXGroup;
			children = (
				9A3CA7DB26F7080E000980B8 /* MyWorkout_SUN.app */,
			);
			name = Products;
			sourceTree = "<group>";
		};
		9A3CA7DD26F7080E000980B8 /* MyWorkout_SUN */ = {
			isa = PBXGroup;
			children = (
				9A3CA7F226F70A1C000980B8 /* Videos */,
				9A3CA7DE26F7080E000980B8 /* MyWorkout_SUNApp.swift */,
				9A3CA7F126F7091C000980B8 /* Views */,
				9A3CA7E226F7080E000980B8 /* Assets.xcassets */,
				9A3CA7E726F7080E000980B8 /* Info.plist */,
				9A3CA7E426F7080E000980B8 /* Preview Content */,
				9A3CA80526F715B9000980B8 /* Extension */,
				9A3CA80C26F71A43000980B8 /* Model */,
				9A3CA86126F86BC8000980B8 /* Localizable.strings */,
			);
			path = MyWorkout_SUN;
			sourceTree = "<group>";
		};
		9A3CA7E426F7080E000980B8 /* Preview Content */ = {
			isa = PBXGroup;
			children = (
				9A3CA7E526F7080E000980B8 /* Preview Assets.xcassets */,
				9A3CA80D26F71AE4000980B8 /* HistoryStoreDevData.swift */,
			);
			path = "Preview Content";
			sourceTree = "<group>";
		};
		9A3CA7F126F7091C000980B8 /* Views */ = {
			isa = PBXGroup;
			children = (
				9A3CA7E026F7080E000980B8 /* ContentView.swift */,
				9A3CA7ED26F708E5000980B8 /* WelcomeView.swift */,
				9A3CA85B26F7913E000980B8 /* TimerView.swift */,
				9A3CA7EF26F70907000980B8 /* ExerciseView.swift */,
				9A3CA80126F710D2000980B8 /* HeaderView.swift */,
				9A3CA80626F716C3000980B8 /* SuccessView.swift */,
				9A3CA7FD26F70F42000980B8 /* HistoryView.swift */,
				9A3CA7FB26F70E56000980B8 /* RatingView.swift */,
			);
			path = Views;
			sourceTree = "<group>";
		};
		9A3CA7F226F70A1C000980B8 /* Videos */ = {
			isa = PBXGroup;
			children = (
				9A3CA86526F8AD46000980B8 /* lunge.mp4 */,
				9A3CA86426F8AD46000980B8 /* mountain_climbers.mp4 */,
				9A3CA86626F8AD46000980B8 /* reverse_crunch.mp4 */,
				9A3CA86326F8AD46000980B8 /* sun_sulate.mp4 */,
				9A3CA7F626F70DEE000980B8 /* burpee_s.mp4 */,
				9A3CA7F526F70DEE000980B8 /* squat_s.mp4 */,
				9A3CA7F326F70DEE000980B8 /* step-up_s.mp4 */,
			);
			path = Videos;
			sourceTree = "<group>";
		};
		9A3CA80526F715B9000980B8 /* Extension */ = {
			isa = PBXGroup;
			children = (
				9A3CA7FF26F71006000980B8 /* DateExtension.swift */,
				9A3CA80326F71501000980B8 /* ImageExtension.swift */,
			);
			path = Extension;
			sourceTree = "<group>";
		};
		9A3CA80C26F71A43000980B8 /* Model */ = {
			isa = PBXGroup;
			children = (
				9A3CA80826F71759000980B8 /* Exercise.swift */,
				9A3CA80A26F71A2D000980B8 /* HistoryStore.swift */,
			);
			path = Model;
			sourceTree = "<group>";
		};
/* End PBXGroup section */

/* Begin PBXNativeTarget section */
		9A3CA7DA26F7080E000980B8 /* MyWorkout_SUN */ = {
			isa = PBXNativeTarget;
			buildConfigurationList = 9A3CA7EA26F7080E000980B8 /* Build configuration list for PBXNativeTarget "MyWorkout_SUN" */;
			buildPhases = (
				9A3CA7D726F7080E000980B8 /* Sources */,
				9A3CA7D826F7080E000980B8 /* Frameworks */,
				9A3CA7D926F7080E000980B8 /* Resources */,
			);
			buildRules = (
			);
			dependencies = (
			);
			name = MyWorkout_SUN;
			productName = MyWorkout_SUN;
			productReference = 9A3CA7DB26F7080E000980B8 /* MyWorkout_SUN.app */;
			productType = "com.apple.product-type.application";
		};
/* End PBXNativeTarget section */

/* Begin PBXProject section */
		9A3CA7D326F7080E000980B8 /* Project object */ = {
			isa = PBXProject;
			attributes = {
				LastSwiftUpdateCheck = 1250;
				LastUpgradeCheck = 1250;
				TargetAttributes = {
					9A3CA7DA26F7080E000980B8 = {
						CreatedOnToolsVersion = 12.5;
					};
				};
			};
			buildConfigurationList = 9A3CA7D626F7080E000980B8 /* Build configuration list for PBXProject "MyWorkout_SUN" */;
			compatibilityVersion = "Xcode 9.3";
			developmentRegion = en;
			hasScannedForEncodings = 0;
			knownRegions = (
				en,
				Base,
				th,
			);
			mainGroup = 9A3CA7D226F7080E000980B8;
			productRefGroup = 9A3CA7DC26F7080E000980B8 /* Products */;
			projectDirPath = "";
			projectRoot = "";
			targets = (
				9A3CA7DA26F7080E000980B8 /* MyWorkout_SUN */,
			);
		};
/* End PBXProject section */

/* Begin PBXResourcesBuildPhase section */
		9A3CA7D926F7080E000980B8 /* Resources */ = {
			isa = PBXResourcesBuildPhase;
			buildActionMask = 2147483647;
			files = (
				9A3CA7E626F7080E000980B8 /* Preview Assets.xcassets in Resources */,
				9A3CA7F726F70DEE000980B8 /* step-up_s.mp4 in Resources */,
				9A3CA7E326F7080E000980B8 /* Assets.xcassets in Resources */,
				9A3CA85F26F86BC8000980B8 /* Localizable.strings in Resources */,
				9A3CA86926F8AD46000980B8 /* lunge.mp4 in Resources */,
				9A3CA86726F8AD46000980B8 /* sun_sulate.mp4 in Resources */,
				9A3CA7F926F70DEE000980B8 /* squat_s.mp4 in Resources */,
				9A3CA7FA26F70DEE000980B8 /* burpee_s.mp4 in Resources */,
				9A3CA86826F8AD46000980B8 /* mountain_climbers.mp4 in Resources */,
				9A3CA86A26F8AD46000980B8 /* reverse_crunch.mp4 in Resources */,
			);
			runOnlyForDeploymentPostprocessing = 0;
		};
/* End PBXResourcesBuildPhase section */

/* Begin PBXSourcesBuildPhase section */
		9A3CA7D726F7080E000980B8 /* Sources */ = {
			isa = PBXSourcesBuildPhase;
			buildActionMask = 2147483647;
			files = (
				9A3CA85C26F7913E000980B8 /* TimerView.swift in Sources */,
				9A3CA7FE26F70F42000980B8 /* HistoryView.swift in Sources */,
				9A3CA80026F71006000980B8 /* DateExtension.swift in Sources */,
				9A3CA80726F716C3000980B8 /* SuccessView.swift in Sources */,
				9A3CA7F026F70907000980B8 /* ExerciseView.swift in Sources */,
				9A3CA80B26F71A2D000980B8 /* HistoryStore.swift in Sources */,
				9A3CA80E26F71AE4000980B8 /* HistoryStoreDevData.swift in Sources */,
				9A3CA7E126F7080E000980B8 /* ContentView.swift in Sources */,
				9A3CA7EE26F708E5000980B8 /* WelcomeView.swift in Sources */,
				9A3CA80926F71759000980B8 /* Exercise.swift in Sources */,
				9A3CA7FC26F70E56000980B8 /* RatingView.swift in Sources */,
				9A3CA7DF26F7080E000980B8 /* MyWorkout_SUNApp.swift in Sources */,
				9A3CA80426F71501000980B8 /* ImageExtension.swift in Sources */,
				9A3CA80226F710D2000980B8 /* HeaderView.swift in Sources */,
			);
			runOnlyForDeploymentPostprocessing = 0;
		};
/* End PBXSourcesBuildPhase section */

/* Begin PBXVariantGroup section */
		9A3CA86126F86BC8000980B8 /* Localizable.strings */ = {
			isa = PBXVariantGroup;
			children = (
				9A3CA86026F86BC8000980B8 /* en */,
				9A3CA86226F87A2C000980B8 /* th */,
			);
			name = Localizable.strings;
			sourceTree = "<group>";
		};
/* End PBXVariantGroup section */

/* Begin XCBuildConfiguration section */
		9A3CA7E826F7080E000980B8 /* Debug */ = {
			isa = XCBuildConfiguration;
			buildSettings = {
				ALWAYS_SEARCH_USER_PATHS = NO;
				CLANG_ANALYZER_LOCALIZABILITY_NONLOCALIZED = YES;
				CLANG_ANALYZER_NONNULL = YES;
				CLANG_ANALYZER_NUMBER_OBJECT_CONVERSION = YES_AGGRESSIVE;
				CLANG_CXX_LANGUAGE_STANDARD = "gnu++14";
				CLANG_CXX_LIBRARY = "libc++";
				CLANG_ENABLE_MODULES = YES;
				CLANG_ENABLE_OBJC_ARC = YES;
				CLANG_ENABLE_OBJC_WEAK = YES;
				CLANG_WARN_BLOCK_CAPTURE_AUTORELEASING = YES;
				CLANG_WARN_BOOL_CONVERSION = YES;
				CLANG_WARN_COMMA = YES;
				CLANG_WARN_CONSTANT_CONVERSION = YES;
				CLANG_WARN_DEPRECATED_OBJC_IMPLEMENTATIONS = YES;
				CLANG_WARN_DIRECT_OBJC_ISA_USAGE = YES_ERROR;
				CLANG_WARN_DOCUMENTATION_COMMENTS = YES;
				CLANG_WARN_EMPTY_BODY = YES;
				CLANG_WARN_ENUM_CONVERSION = YES;
				CLANG_WARN_INFINITE_RECURSION = YES;
				CLANG_WARN_INT_CONVERSION = YES;
				CLANG_WARN_NON_LITERAL_NULL_CONVERSION = YES;
				CLANG_WARN_OBJC_IMPLICIT_RETAIN_SELF = YES;
				CLANG_WARN_OBJC_LITERAL_CONVERSION = YES;
				CLANG_WARN_OBJC_ROOT_CLASS = YES_ERROR;
				CLANG_WARN_QUOTED_INCLUDE_IN_FRAMEWORK_HEADER = YES;
				CLANG_WARN_RANGE_LOOP_ANALYSIS = YES;
				CLANG_WARN_STRICT_PROTOTYPES = YES;
				CLANG_WARN_SUSPICIOUS_MOVE = YES;
				CLANG_WARN_UNGUARDED_AVAILABILITY = YES_AGGRESSIVE;
				CLANG_WARN_UNREACHABLE_CODE = YES;
				CLANG_WARN__DUPLICATE_METHOD_MATCH = YES;
				COPY_PHASE_STRIP = NO;
				DEBUG_INFORMATION_FORMAT = dwarf;
				ENABLE_STRICT_OBJC_MSGSEND = YES;
				ENABLE_TESTABILITY = YES;
				GCC_C_LANGUAGE_STANDARD = gnu11;
				GCC_DYNAMIC_NO_PIC = NO;
				GCC_NO_COMMON_BLOCKS = YES;
				GCC_OPTIMIZATION_LEVEL = 0;
				GCC_PREPROCESSOR_DEFINITIONS = (
					"DEBUG=1",
					"$(inherited)",
				);
				GCC_WARN_64_TO_32_BIT_CONVERSION = YES;
				GCC_WARN_ABOUT_RETURN_TYPE = YES_ERROR;
				GCC_WARN_UNDECLARED_SELECTOR = YES;
				GCC_WARN_UNINITIALIZED_AUTOS = YES_AGGRESSIVE;
				GCC_WARN_UNUSED_FUNCTION = YES;
				GCC_WARN_UNUSED_VARIABLE = YES;
				IPHONEOS_DEPLOYMENT_TARGET = 14.5;
				MTL_ENABLE_DEBUG_INFO = INCLUDE_SOURCE;
				MTL_FAST_MATH = YES;
				ONLY_ACTIVE_ARCH = YES;
				SDKROOT = iphoneos;
				SWIFT_ACTIVE_COMPILATION_CONDITIONS = DEBUG;
				SWIFT_OPTIMIZATION_LEVEL = "-Onone";
			};
			name = Debug;
		};
		9A3CA7E926F7080E000980B8 /* Release */ = {
			isa = XCBuildConfiguration;
			buildSettings = {
				ALWAYS_SEARCH_USER_PATHS = NO;
				CLANG_ANALYZER_LOCALIZABILITY_NONLOCALIZED = YES;
				CLANG_ANALYZER_NONNULL = YES;
				CLANG_ANALYZER_NUMBER_OBJECT_CONVERSION = YES_AGGRESSIVE;
				CLANG_CXX_LANGUAGE_STANDARD = "gnu++14";
				CLANG_CXX_LIBRARY = "libc++";
				CLANG_ENABLE_MODULES = YES;
				CLANG_ENABLE_OBJC_ARC = YES;
				CLANG_ENABLE_OBJC_WEAK = YES;
				CLANG_WARN_BLOCK_CAPTURE_AUTORELEASING = YES;
				CLANG_WARN_BOOL_CONVERSION = YES;
				CLANG_WARN_COMMA = YES;
				CLANG_WARN_CONSTANT_CONVERSION = YES;
				CLANG_WARN_DEPRECATED_OBJC_IMPLEMENTATIONS = YES;
				CLANG_WARN_DIRECT_OBJC_ISA_USAGE = YES_ERROR;
				CLANG_WARN_DOCUMENTATION_COMMENTS = YES;
				CLANG_WARN_EMPTY_BODY = YES;
				CLANG_WARN_ENUM_CONVERSION = YES;
				CLANG_WARN_INFINITE_RECURSION = YES;
				CLANG_WARN_INT_CONVERSION = YES;
				CLANG_WARN_NON_LITERAL_NULL_CONVERSION = YES;
				CLANG_WARN_OBJC_IMPLICIT_RETAIN_SELF = YES;
				CLANG_WARN_OBJC_LITERAL_CONVERSION = YES;
				CLANG_WARN_OBJC_ROOT_CLASS = YES_ERROR;
				CLANG_WARN_QUOTED_INCLUDE_IN_FRAMEWORK_HEADER = YES;
				CLANG_WARN_RANGE_LOOP_ANALYSIS = YES;
				CLANG_WARN_STRICT_PROTOTYPES = YES;
				CLANG_WARN_SUSPICIOUS_MOVE = YES;
				CLANG_WARN_UNGUARDED_AVAILABILITY = YES_AGGRESSIVE;
				CLANG_WARN_UNREACHABLE_CODE = YES;
				CLANG_WARN__DUPLICATE_METHOD_MATCH = YES;
				COPY_PHASE_STRIP = NO;
				DEBUG_INFORMATION_FORMAT = "dwarf-with-dsym";
				ENABLE_NS_ASSERTIONS = NO;
				ENABLE_STRICT_OBJC_MSGSEND = YES;
				GCC_C_LANGUAGE_STANDARD = gnu11;
				GCC_NO_COMMON_BLOCKS = YES;
				GCC_WARN_64_TO_32_BIT_CONVERSION = YES;
				GCC_WARN_ABOUT_RETURN_TYPE = YES_ERROR;
				GCC_WARN_UNDECLARED_SELECTOR = YES;
				GCC_WARN_UNINITIALIZED_AUTOS = YES_AGGRESSIVE;
				GCC_WARN_UNUSED_FUNCTION = YES;
				GCC_WARN_UNUSED_VARIABLE = YES;
				IPHONEOS_DEPLOYMENT_TARGET = 14.5;
				MTL_ENABLE_DEBUG_INFO = NO;
				MTL_FAST_MATH = YES;
				SDKROOT = iphoneos;
				SWIFT_COMPILATION_MODE = wholemodule;
				SWIFT_OPTIMIZATION_LEVEL = "-O";
				VALIDATE_PRODUCT = YES;
			};
			name = Release;
		};
		9A3CA7EB26F7080E000980B8 /* Debug */ = {
			isa = XCBuildConfiguration;
			buildSettings = {
				ASSETCATALOG_COMPILER_APPICON_NAME = AppIcon;
				ASSETCATALOG_COMPILER_GLOBAL_ACCENT_COLOR_NAME = AccentColor;
				CODE_SIGN_STYLE = Automatic;
				DEVELOPMENT_ASSET_PATHS = "\"MyWorkout_SUN/Preview Content\"";
				ENABLE_PREVIEWS = YES;
				INFOPLIST_FILE = MyWorkout_SUN/Info.plist;
				IPHONEOS_DEPLOYMENT_TARGET = 14.0;
				LD_RUNPATH_SEARCH_PATHS = (
					"$(inherited)",
					"@executable_path/Frameworks",
				);
				PRODUCT_BUNDLE_IDENTIFIER = "sunanat.dev.MyWorkout-SUN";
				PRODUCT_NAME = "$(TARGET_NAME)";
				SWIFT_VERSION = 5.0;
				TARGETED_DEVICE_FAMILY = "1,2";
			};
			name = Debug;
		};
		9A3CA7EC26F7080E000980B8 /* Release */ = {
			isa = XCBuildConfiguration;
			buildSettings = {
				ASSETCATALOG_COMPILER_APPICON_NAME = AppIcon;
				ASSETCATALOG_COMPILER_GLOBAL_ACCENT_COLOR_NAME = AccentColor;
				CODE_SIGN_STYLE = Automatic;
				DEVELOPMENT_ASSET_PATHS = "\"MyWorkout_SUN/Preview Content\"";
				ENABLE_PREVIEWS = YES;
				INFOPLIST_FILE = MyWorkout_SUN/Info.plist;
				IPHONEOS_DEPLOYMENT_TARGET = 14.0;
				LD_RUNPATH_SEARCH_PATHS = (
					"$(inherited)",
					"@executable_path/Frameworks",
				);
				PRODUCT_BUNDLE_IDENTIFIER = "sunanat.dev.MyWorkout-SUN";
				PRODUCT_NAME = "$(TARGET_NAME)";
				SWIFT_VERSION = 5.0;
				TARGETED_DEVICE_FAMILY = "1,2";
			};
			name = Release;
		};
/* End XCBuildConfiguration section */

/* Begin XCConfigurationList section */
		9A3CA7D626F7080E000980B8 /* Build configuration list for PBXProject "MyWorkout_SUN" */ = {
			isa = XCConfigurationList;
			buildConfigurations = (
				9A3CA7E826F7080E000980B8 /* Debug */,
				9A3CA7E926F7080E000980B8 /* Release */,
			);
			defaultConfigurationIsVisible = 0;
			defaultConfigurationName = Release;
		};
		9A3CA7EA26F7080E000980B8 /* Build configuration list for PBXNativeTarget "MyWorkout_SUN" */ = {
			isa = XCConfigurationList;
			buildConfigurations = (
				9A3CA7EB26F7080E000980B8 /* Debug */,
				9A3CA7EC26F7080E000980B8 /* Release */,
			);
			defaultConfigurationIsVisible = 0;
			defaultConfigurationName = Release;
		};
/* End XCConfigurationList section */
	};
	rootObject = 9A3CA7D326F7080E000980B8 /* Project object */;
}
